{
  "name": "orbitani",
  "version": "1.0.0",
  "lockfileVersion": 1,
  "requires": true,
  "dependencies": {
    "@nasaworldwind/worldwind": {
      "version": "0.10.0",
      "resolved": "https://registry.npmjs.org/@nasaworldwind/worldwind/-/worldwind-0.10.0.tgz",
      "integrity": "sha512-I4tuJs3t7W0Km5XPNBiIyxVu6S3j3U6oQUCIoKlfbUlv9RFw68yQvxbDJTlTx21lVZrTPFDXCjwgPuX9n2mBig=="
    },
    "vue": {
      "version": "2.6.14",
      "resolved": "https://registry.npmjs.org/vue/-/vue-2.6.14.tgz",
      "integrity": "sha512-x2284lgYvjOMj3Za7kqzRcUSxBboHqtgRE2zlos1qWaOye5yUmHn42LB1250NJBLRwEcdrB0JRwyPTEPhfQjiQ=="
    }
  }
}
